{
  "name": "07-Requisicoes",
  "lockfileVersion": 3,
  "requires": true,
  "packages": {
    "": {
      "dependencies": {
        "bootstrap": "^4.6.2",
        "jquery": "^3.7.1",
        "ngx-bootstrap": "^20.0.2",
        "popper.js": "^1.16.1"
      }
    },
    "node_modules/@angular/animations": {
      "version": "20.3.15",
      "resolved": "https://registry.npmjs.org/@angular/animations/-/animations-20.3.15.tgz",
      "integrity": "sha512-ikyKfhkxoqQA6JcBN0B9RaN6369sM1XYX81Id0lI58dmWCe7gYfrTp8ejqxxKftl514psQO3pkW8Gn1nJ131Gw==",
      "license": "MIT",
      "peer": true,
      "dependencies": {
        "tslib": "^2.3.0"
      },
      "engines": {
        "node": "^20.19.0 || ^22.12.0 || >=24.0.0"
      },
      "peerDependencies": {
        "@angular/core": "20.3.15"
      }
    },
    "node_modules/@angular/common": {
      "version": "20.3.15",
      "resolved": "https://registry.npmjs.org/@angular/common/-/common-20.3.15.tgz",
      "integrity": "sha512-k4mCXWRFiOHK3bUKfWkRQQ8KBPxW8TAJuKLYCsSHPCpMz6u0eA1F0VlrnOkZVKWPI792fOaEAWH2Y4PTaXlUHw==",
      "license": "MIT",
      "peer": true,
      "dependencies": {
        "tslib": "^2.3.0"
      },
      "engines": {
        "node": "^20.19.0 || ^22.12.0 || >=24.0.0"
      },
      "peerDependencies": {
        "@angular/core": "20.3.15",
        "rxjs": "^6.5.3 || ^7.4.0"
      }
    },
    "node_modules/@angular/core": {
      "version": "20.3.15",
      "resolved": "https://registry.npmjs.org/@angular/core/-/core-20.3.15.tgz",
      "integrity": "sha512-NMbX71SlTZIY9+rh/SPhRYFJU0pMJYW7z/TBD4lqiO+b0DTOIg1k7Pg9ydJGqSjFO1Z4dQaA6TteNuF99TJCNw==",
      "license": "MIT",
      "peer": true,
      "dependencies": {
        "tslib": "^2.3.0"
      },
      "engines": {
        "node": "^20.19.0 || ^22.12.0 || >=24.0.0"
      },
      "peerDependencies": {
        "@angular/compiler": "20.3.15",
        "rxjs": "^6.5.3 || ^7.4.0",
        "zone.js": "~0.15.0"
      },
      "peerDependenciesMeta": {
        "@angular/compiler": {
          "optional": true
        },
        "zone.js": {
          "optional": true
        }
      }
    },
    "node_modules/@angular/forms": {
      "version": "20.3.15",
      "resolved": "https://registry.npmjs.org/@angular/forms/-/forms-20.3.15.tgz",
      "integrity": "sha512-gS5hQkinq52pm/7mxz4yHPCzEcmRWjtUkOVddPH0V1BW/HMni/p4Y6k2KqKBeGb9p8S5EAp6PDxDVLOPukp3mg==",
      "license": "MIT",
      "peer": true,
      "dependencies": {
        "tslib": "^2.3.0"
      },
      "engines": {
        "node": "^20.19.0 || ^22.12.0 || >=24.0.0"
      },
      "peerDependencies": {
        "@angular/common": "20.3.15",
        "@angular/core": "20.3.15",
        "@angular/platform-browser": "20.3.15",
        "rxjs": "^6.5.3 || ^7.4.0"
      }
    },
    "node_modules/@angular/platform-browser": {
      "version": "20.3.15",
      "resolved": "https://registry.npmjs.org/@angular/platform-browser/-/platform-browser-20.3.15.tgz",
      "integrity": "sha512-TxRM/wTW/oGXv/3/Iohn58yWoiYXOaeEnxSasiGNS1qhbkcKtR70xzxW6NjChBUYAixz2ERkLURkpx3pI8Q6Dw==",
      "license": "MIT",
      "peer": true,
      "dependencies": {
        "tslib": "^2.3.0"
      },
      "engines": {
        "node": "^20.19.0 || ^22.12.0 || >=24.0.0"
      },
      "peerDependencies": {
        "@angular/animations": "20.3.15",
        "@angular/common": "20.3.15",
        "@angular/core": "20.3.15"
      },
      "peerDependenciesMeta": {
        "@angular/animations": {
          "optional": true
        }
      }
    },
    "node_modules/bootstrap": {
      "version": "4.6.2",
      "resolved": "https://registry.npmjs.org/bootstrap/-/bootstrap-4.6.2.tgz",
      "integrity": "sha512-51Bbp/Uxr9aTuy6ca/8FbFloBUJZLHwnhTcnjIeRn2suQWsWzcuJhGjKDB5eppVte/8oCdOL3VuwxvZDUggwGQ==",
      "deprecated": "This version of Bootstrap is no longer supported. Please upgrade to the latest version.",
      "funding": [
        {
          "type": "github",
          "url": "https://github.com/sponsors/twbs"
        },
        {
          "type": "opencollective",
          "url": "https://opencollective.com/bootstrap"
        }
      ],
      "license": "MIT",
      "peerDependencies": {
        "jquery": "1.9.1 - 3",
        "popper.js": "^1.16.1"
      }
    },
    "node_modules/jquery": {
      "version": "3.7.1",
      "resolved": "https://registry.npmjs.org/jquery/-/jquery-3.7.1.tgz",
      "integrity": "sha512-m4avr8yL8kmFN8psrbFFFmB/If14iN5o9nw/NgnnM+kybDJpRsAynV2BsfpTYrTRysYUdADVD7CkUUizgkpLfg==",
      "license": "MIT",
      "peer": true
    },
    "node_modules/ngx-bootstrap": {
      "version": "20.0.2",
      "resolved": "https://registry.npmjs.org/ngx-bootstrap/-/ngx-bootstrap-20.0.2.tgz",
      "integrity": "sha512-huABQ3acd3GgFKj1ROfQXpgUp+rD24YJi1XC3IJtG2ZXUNPNsUUlhncPVEuOUW1nTTEsD6GNLGKyU4bndrpigg==",
      "license": "MIT",
      "dependencies": {
        "tslib": "^2.3.0"
      },
      "peerDependencies": {
        "@angular/animations": "^20.0.2",
        "@angular/common": "^20.0.2",
        "@angular/core": "^20.0.2",
        "@angular/forms": "^20.0.2",
        "rxjs": "^6.5.3 || ^7.4.0"
      }
    },
    "node_modules/popper.js": {
      "version": "1.16.1",
      "resolved": "https://registry.npmjs.org/popper.js/-/popper.js-1.16.1.tgz",
      "integrity": "sha512-Wb4p1J4zyFTbM+u6WuO4XstYx4Ky9Cewe4DWrel7B0w6VVICvPwdOpotjzcf6eD8TsckVnIMNONQyPIUFOUbCQ==",
      "deprecated": "You can find the new Popper v2 at @popperjs/core, this package is dedicated to the legacy v1",
      "license": "MIT",
      "peer": true,
      "funding": {
        "type": "opencollective",
        "url": "https://opencollective.com/popperjs"
      }
    },
    "node_modules/rxjs": {
      "version": "7.8.2",
      "resolved": "https://registry.npmjs.org/rxjs/-/rxjs-7.8.2.tgz",
      "integrity": "sha512-dhKf903U/PQZY6boNNtAGdWbG85WAbjT/1xYoZIC7FAY0yWapOBQVsVrDl58W86//e1VpMNBtRV4MaXfdMySFA==",
      "license": "Apache-2.0",
      "peer": true,
      "dependencies": {
        "tslib": "^2.1.0"
      }
    },
    "node_modules/tslib": {
      "version": "2.8.1",
      "resolved": "https://registry.npmjs.org/tslib/-/tslib-2.8.1.tgz",
      "integrity": "sha512-oJFu94HQb+KVduSUQL7wnpmqnfmLsOA/nAh6b6EH0wCEoK0/mPeXU6c3wKDV83MkOuHPRHtSXKKU99IBazS/2w==",
      "license": "0BSD"
    }
  }
}
